
Microsoft Visual Studio Solution File, Format Version 12.00
# Visual Studio 15
VisualStudioVersion = 15.0.28307.421
MinimumVisualStudioVersion = 10.0.40219.1
Project("{8BC9CEB8-8B4A-11D0-8D11-00A0C91BC942}") = "BinaryTree", "BinaryTree\BinaryTree.vcxproj", "{CA702539-844A-4BC3-AB6F-C1B30B990556}"
EndProject
Global
	GlobalSection(SolutionConfigurationPlatforms) = preSolution
		Debug|x64 = Debug|x64
		Debug|x86 = Debug|x86
		Release|x64 = Release|x64
		Release|x86 = Release|x86
	EndGlobalSection
	GlobalSection(ProjectConfigurationPlatforms) = postSolution
		{CA702539-844A-4BC3-AB6F-C1B30B990556}.Debug|x64.ActiveCfg = Debug|x64
		{CA702539-844A-4BC3-AB6F-C1B30B990556}.Debug|x64.Build.0 = Debug|x64
		{CA702539-844A-4BC3-AB6F-C1B30B990556}.Debug|x86.ActiveCfg = Debug|Win32
		{CA702539-844A-4BC3-AB6F-C1B30B990556}.Debug|x86.Build.0 = Debug|Win32
		{CA702539-844A-4BC3-AB6F-C1B30B990556}.Release|x64.ActiveCfg = Release|x64
		{CA702539-844A-4BC3-AB6F-C1B30B990556}.Release|x64.Build.0 = Release|x64
		{CA702539-844A-4BC3-AB6F-C1B30B990556}.Release|x86.ActiveCfg = Release|Win32
		{CA702539-844A-4BC3-AB6F-C1B30B990556}.Release|x86.Build.0 = Release|Win32
	EndGlobalSection
	GlobalSection(SolutionProperties) = preSolution
		HideSolutionNode = FALSE
	EndGlobalSection
	GlobalSection(ExtensibilityGlobals) = postSolution
		SolutionGuid = {8E94858E-01BE-4B11-9E5A-9B9524E434C5}
	EndGlobalSection
EndGlobal
